// !$*UTF8*$!
{
	archiveVersion = 1;
	classes = {
	};
	objectVersion = 46;
	objects = {

/* Begin PBXBuildFile section */
		84D4957517FF6EDE001E64B1 /* UIKit.framework in Frameworks */ = {isa = PBXBuildFile; fileRef = 84D4957417FF6EDE001E64B1 /* UIKit.framework */; };
		84D4957717FF6EDE001E64B1 /* Foundation.framework in Frameworks */ = {isa = PBXBuildFile; fileRef = 84D4957617FF6EDE001E64B1 /* Foundation.framework */; };
		84D4957917FF6EDE001E64B1 /* CoreGraphics.framework in Frameworks */ = {isa = PBXBuildFile; fileRef = 84D4957817FF6EDE001E64B1 /* CoreGraphics.framework */; };
		84D4957F17FF6EDE001E64B1 /* InfoPlist.strings in Resources */ = {isa = PBXBuildFile; fileRef = 84D4957D17FF6EDE001E64B1 /* InfoPlist.strings */; };
		84D4958117FF6EDE001E64B1 /* main.m in Sources */ = {isa = PBXBuildFile; fileRef = 84D4958017FF6EDE001E64B1 /* main.m */; };
		84D4958517FF6EDE001E64B1 /* AppDelegate.m in Sources */ = {isa = PBXBuildFile; fileRef = 84D4958417FF6EDE001E64B1 /* AppDelegate.m */; };
		84D4958717FF6EDE001E64B1 /* Default.png in Resources */ = {isa = PBXBuildFile; fileRef = 84D4958617FF6EDE001E64B1 /* Default.png */; };
		84D4958917FF6EDE001E64B1 /* Default@2x.png in Resources */ = {isa = PBXBuildFile; fileRef = 84D4958817FF6EDE001E64B1 /* Default@2x.png */; };
		84D4958B17FF6EDE001E64B1 /* Default-568h@2x.png in Resources */ = {isa = PBXBuildFile; fileRef = 84D4958A17FF6EDE001E64B1 /* Default-568h@2x.png */; };
		84D4958E17FF6EDE001E64B1 /* MainStoryboard.storyboard in Resources */ = {isa = PBXBuildFile; fileRef = 84D4958C17FF6EDE001E64B1 /* MainStoryboard.storyboard */; };
		84D4959117FF6EDE001E64B1 /* ViewController.m in Sources */ = {isa = PBXBuildFile; fileRef = 84D4959017FF6EDE001E64B1 /* ViewController.m */; };
/* End PBXBuildFile section */

/* Begin PBXFileReference section */
		84D4957117FF6EDE001E64B1 /* fetch json.app */ = {isa = PBXFileReference; explicitFileType = wrapper.application; includeInIndex = 0; path = "fetch json.app"; sourceTree = BUILT_PRODUCTS_DIR; };
		84D4957417FF6EDE001E64B1 /* UIKit.framework */ = {isa = PBXFileReference; lastKnownFileType = wrapper.framework; name = UIKit.framework; path = System/Library/Frameworks/UIKit.framework; sourceTree = SDKROOT; };
		84D4957617FF6EDE001E64B1 /* Foundation.framework */ = {isa = PBXFileReference; lastKnownFileType = wrapper.framework; name = Foundation.framework; path = System/Library/Frameworks/Foundation.framework; sourceTree = SDKROOT; };
		84D4957817FF6EDE001E64B1 /* CoreGraphics.framework */ = {isa = PBXFileReference; lastKnownFileType = wrapper.framework; name = CoreGraphics.framework; path = System/Library/Frameworks/CoreGraphics.framework; sourceTree = SDKROOT; };
		84D4957C17FF6EDE001E64B1 /* fetch json-Info.plist */ = {isa = PBXFileReference; lastKnownFileType = text.plist.xml; path = "fetch json-Info.plist"; sourceTree = "<group>"; };
		84D4957E17FF6EDE001E64B1 /* en */ = {isa = PBXFileReference; lastKnownFileType = text.plist.strings; name = en; path = en.lproj/InfoPlist.strings; sourceTree = "<group>"; };
		84D4958017FF6EDE001E64B1 /* main.m */ = {isa = PBXFileReference; lastKnownFileType = sourcecode.c.objc; path = main.m; sourceTree = "<group>"; };
		84D4958217FF6EDE001E64B1 /* fetch json-Prefix.pch */ = {isa = PBXFileReference; lastKnownFileType = sourcecode.c.h; path = "fetch json-Prefix.pch"; sourceTree = "<group>"; };
		84D4958317FF6EDE001E64B1 /* AppDelegate.h */ = {isa = PBXFileReference; lastKnownFileType = sourcecode.c.h; path = AppDelegate.h; sourceTree = "<group>"; };
		84D4958417FF6EDE001E64B1 /* AppDelegate.m */ = {isa = PBXFileReference; lastKnownFileType = sourcecode.c.objc; path = AppDelegate.m; sourceTree = "<group>"; };
		84D4958617FF6EDE001E64B1 /* Default.png */ = {isa = PBXFileReference; lastKnownFileType = image.png; path = Default.png; sourceTree = "<group>"; };
		84D4958817FF6EDE001E64B1 /* Default@2x.png */ = {isa = PBXFileReference; lastKnownFileType = image.png; path = "Default@2x.png"; sourceTree = "<group>"; };
		84D4958A17FF6EDE001E64B1 /* Default-568h@2x.png */ = {isa = PBXFileReference; lastKnownFileType = image.png; path = "Default-568h@2x.png"; sourceTree = "<group>"; };
		84D4958D17FF6EDE001E64B1 /* en */ = {isa = PBXFileReference; lastKnownFileType = file.storyboard; name = en; path = en.lproj/MainStoryboard.storyboard; sourceTree = "<group>"; };
		84D4958F17FF6EDE001E64B1 /* ViewController.h */ = {isa = PBXFileReference; lastKnownFileType = sourcecode.c.h; path = ViewController.h; sourceTree = "<group>"; };
		84D4959017FF6EDE001E64B1 /* ViewController.m */ = {isa = PBXFileReference; lastKnownFileType = sourcecode.c.objc; path = ViewController.m; sourceTree = "<group>"; };
/* End PBXFileReference section */

/* Begin PBXFrameworksBuildPhase section */
		84D4956E17FF6EDE001E64B1 /* Frameworks */ = {
			isa = PBXFrameworksBuildPhase;
			buildActionMask = 2147483647;
			files = (
				84D4957517FF6EDE001E64B1 /* UIKit.framework in Frameworks */,
				84D4957717FF6EDE001E64B1 /* Foundation.framework in Frameworks */,
				84D4957917FF6EDE001E64B1 /* CoreGraphics.framework in Frameworks */,
			);
			runOnlyForDeploymentPostprocessing = 0;
		};
/* End PBXFrameworksBuildPhase section */

/* Begin PBXGroup section */
		84D4956817FF6EDE001E64B1 = {
			isa = PBXGroup;
			children = (
				84D4957A17FF6EDE001E64B1 /* fetch json */,
				84D4957317FF6EDE001E64B1 /* Frameworks */,
				84D4957217FF6EDE001E64B1 /* Products */,
			);
			sourceTree = "<group>";
		};
		84D4957217FF6EDE001E64B1 /* Products */ = {
			isa = PBXGroup;
			children = (
				84D4957117FF6EDE001E64B1 /* fetch json.app */,
			);
			name = Products;
			sourceTree = "<group>";
		};
		84D4957317FF6EDE001E64B1 /* Frameworks */ = {
			isa = PBXGroup;
			children = (
				84D4957417FF6EDE001E64B1 /* UIKit.framework */,
				84D4957617FF6EDE001E64B1 /* Foundation.framework */,
				84D4957817FF6EDE001E64B1 /* CoreGraphics.framework */,
			);
			name = Frameworks;
			sourceTree = "<group>";
		};
		84D4957A17FF6EDE001E64B1 /* fetch json */ = {
			isa = PBXGroup;
			children = (
				84D4958317FF6EDE001E64B1 /* AppDelegate.h */,
				84D4958417FF6EDE001E64B1 /* AppDelegate.m */,
				84D4958C17FF6EDE001E64B1 /* MainStoryboard.storyboard */,
				84D4958F17FF6EDE001E64B1 /* ViewController.h */,
				84D4959017FF6EDE001E64B1 /* ViewController.m */,
				84D4957B17FF6EDE001E64B1 /* Supporting Files */,
			);
			path = "fetch json";
			sourceTree = "<group>";
		};
		84D4957B17FF6EDE001E64B1 /* Supporting Files */ = {
			isa = PBXGroup;
			children = (
				84D4957C17FF6EDE001E64B1 /* fetch json-Info.plist */,
				84D4957D17FF6EDE001E64B1 /* InfoPlist.strings */,
				84D4958017FF6EDE001E64B1 /* main.m */,
				84D4958217FF6EDE001E64B1 /* fetch json-Prefix.pch */,
				84D4958617FF6EDE001E64B1 /* Default.png */,
				84D4958817FF6EDE001E64B1 /* Default@2x.png */,
				84D4958A17FF6EDE001E64B1 /* Default-568h@2x.png */,
			);
			name = "Supporting Files";
			sourceTree = "<group>";
		};
/* End PBXGroup section */

/* Begin PBXNativeTarget section */
		84D4957017FF6EDE001E64B1 /* fetch json */ = {
			isa = PBXNativeTarget;
			buildConfigurationList = 84D4959417FF6EDF001E64B1 /* Build configuration list for PBXNativeTarget "fetch json" */;
			buildPhases = (
				84D4956D17FF6EDE001E64B1 /* Sources */,
				84D4956E17FF6EDE001E64B1 /* Frameworks */,
				84D4956F17FF6EDE001E64B1 /* Resources */,
			);
			buildRules = (
			);
			dependencies = (
			);
			name = "fetch json";
			productName = "fetch json";
			productReference = 84D4957117FF6EDE001E64B1 /* fetch json.app */;
			productType = "com.apple.product-type.application";
		};
/* End PBXNativeTarget section */

/* Begin PBXProject section */
		84D4956917FF6EDE001E64B1 /* Project object */ = {
			isa = PBXProject;
			attributes = {
				LastUpgradeCheck = 0460;
				ORGANIZATIONNAME = moze;
			};
			buildConfigurationList = 84D4956C17FF6EDE001E64B1 /* Build configuration list for PBXProject "fetch json" */;
			compatibilityVersion = "Xcode 3.2";
			developmentRegion = English;
			hasScannedForEncodings = 0;
			knownRegions = (
				en,
			);
			mainGroup = 84D4956817FF6EDE001E64B1;
			productRefGroup = 84D4957217FF6EDE001E64B1 /* Products */;
			projectDirPath = "";
			projectRoot = "";
			targets = (
				84D4957017FF6EDE001E64B1 /* fetch json */,
			);
		};
/* End PBXProject section */

/* Begin PBXResourcesBuildPhase section */
		84D4956F17FF6EDE001E64B1 /* Resources */ = {
			isa = PBXResourcesBuildPhase;
			buildActionMask = 2147483647;
			files = (
				84D4957F17FF6EDE001E64B1 /* InfoPlist.strings in Resources */,
				84D4958717FF6EDE001E64B1 /* Default.png in Resources */,
				84D4958917FF6EDE001E64B1 /* Default@2x.png in Resources */,
				84D4958B17FF6EDE001E64B1 /* Default-568h@2x.png in Resources */,
				84D4958E17FF6EDE001E64B1 /* MainStoryboard.storyboard in Resources */,
			);
			runOnlyForDeploymentPostprocessing = 0;
		};
/* End PBXResourcesBuildPhase section */

/* Begin PBXSourcesBuildPhase section */
		84D4956D17FF6EDE001E64B1 /* Sources */ = {
			isa = PBXSourcesBuildPhase;
			buildActionMask = 2147483647;
			files = (
				84D4958117FF6EDE001E64B1 /* main.m in Sources */,
				84D4958517FF6EDE001E64B1 /* AppDelegate.m in Sources */,
				84D4959117FF6EDE001E64B1 /* ViewController.m in Sources */,
			);
			runOnlyForDeploymentPostprocessing = 0;
		};
/* End PBXSourcesBuildPhase section */

/* Begin PBXVariantGroup section */
		84D4957D17FF6EDE001E64B1 /* InfoPlist.strings */ = {
			isa = PBXVariantGroup;
			children = (
				84D4957E17FF6EDE001E64B1 /* en */,
			);
			name = InfoPlist.strings;
			sourceTree = "<group>";
		};
		84D4958C17FF6EDE001E64B1 /* MainStoryboard.storyboard */ = {
			isa = PBXVariantGroup;
			children = (
				84D4958D17FF6EDE001E64B1 /* en */,
			);
			name = MainStoryboard.storyboard;
			sourceTree = "<group>";
		};
/* End PBXVariantGroup section */

/* Begin XCBuildConfiguration section */
		84D4959217FF6EDE001E64B1 /* Debug */ = {
			isa = XCBuildConfiguration;
			buildSettings = {
				ALWAYS_SEARCH_USER_PATHS = NO;
				CLANG_CXX_LANGUAGE_STANDARD = "gnu++0x";
				CLANG_CXX_LIBRARY = "libc++";
				CLANG_ENABLE_OBJC_ARC = YES;
				CLANG_WARN_CONSTANT_CONVERSION = YES;
				CLANG_WARN_EMPTY_BODY = YES;
				CLANG_WARN_ENUM_CONVERSION = YES;
				CLANG_WARN_INT_CONVERSION = YES;
				CLANG_WARN__DUPLICATE_METHOD_MATCH = YES;
				"CODE_SIGN_IDENTITY[sdk=iphoneos*]" = "iPhone Developer";
				COPY_PHASE_STRIP = NO;
				GCC_C_LANGUAGE_STANDARD = gnu99;
				GCC_DYNAMIC_NO_PIC = NO;
				GCC_OPTIMIZATION_LEVEL = 0;
				GCC_PREPROCESSOR_DEFINITIONS = (
					"DEBUG=1",
					"$(inherited)",
				);
				GCC_SYMBOLS_PRIVATE_EXTERN = NO;
				GCC_WARN_ABOUT_RETURN_TYPE = YES;
				GCC_WARN_UNINITIALIZED_AUTOS = YES;
				GCC_WARN_UNUSED_VARIABLE = YES;
				IPHONEOS_DEPLOYMENT_TARGET = 6.1;
				ONLY_ACTIVE_ARCH = YES;
				SDKROOT = iphoneos;
			};
			name = Debug;
		};
		84D4959317FF6EDE001E64B1 /* Release */ = {
			isa = XCBuildConfiguration;
			buildSettings = {
				ALWAYS_SEARCH_USER_PATHS = NO;
				CLANG_CXX_LANGUAGE_STANDARD = "gnu++0x";
				CLANG_CXX_LIBRARY = "libc++";
				CLANG_ENABLE_OBJC_ARC = YES;
				CLANG_WARN_CONSTANT_CONVERSION = YES;
				CLANG_WARN_EMPTY_BODY = YES;
				CLANG_WARN_ENUM_CONVERSION = YES;
				CLANG_WARN_INT_CONVERSION = YES;
				CLANG_WARN__DUPLICATE_METHOD_MATCH = YES;
				"CODE_SIGN_IDENTITY[sdk=iphoneos*]" = "iPhone Developer";
				COPY_PHASE_STRIP = YES;
				GCC_C_LANGUAGE_STANDARD = gnu99;
				GCC_WARN_ABOUT_RETURN_TYPE = YES;
				GCC_WARN_UNINITIALIZED_AUTOS = YES;
				GCC_WARN_UNUSED_VARIABLE = YES;
				IPHONEOS_DEPLOYMENT_TARGET = 6.1;
				OTHER_CFLAGS = "-DNS_BLOCK_ASSERTIONS=1";
				SDKROOT = iphoneos;
				VALIDATE_PRODUCT = YES;
			};
			name = Release;
		};
		84D4959517FF6EDF001E64B1 /* Debug */ = {
			isa = XCBuildConfiguration;
			buildSettings = {
				GCC_PRECOMPILE_PREFIX_HEADER = YES;
				GCC_PREFIX_HEADER = "fetch json/fetch json-Prefix.pch";
				INFOPLIST_FILE = "fetch json/fetch json-Info.plist";
				PRODUCT_NAME = "$(TARGET_NAME)";
				WRAPPER_EXTENSION = app;
			};
			name = Debug;
		};
		84D4959617FF6EDF001E64B1 /* Release */ = {
			isa = XCBuildConfiguration;
			buildSettings = {
				GCC_PRECOMPILE_PREFIX_HEADER = YES;
				GCC_PREFIX_HEADER = "fetch json/fetch json-Prefix.pch";
				INFOPLIST_FILE = "fetch json/fetch json-Info.plist";
				PRODUCT_NAME = "$(TARGET_NAME)";
				WRAPPER_EXTENSION = app;
			};
			name = Release;
		};
/* End XCBuildConfiguration section */

/* Begin XCConfigurationList section */
		84D4956C17FF6EDE001E64B1 /* Build configuration list for PBXProject "fetch json" */ = {
			isa = XCConfigurationList;
			buildConfigurations = (
				84D4959217FF6EDE001E64B1 /* Debug */,
				84D4959317FF6EDE001E64B1 /* Release */,
			);
			defaultConfigurationIsVisible = 0;
			defaultConfigurationName = Release;
		};
		84D4959417FF6EDF001E64B1 /* Build configuration list for PBXNativeTarget "fetch json" */ = {
			isa = XCConfigurationList;
			buildConfigurations = (
				84D4959517FF6EDF001E64B1 /* Debug */,
				84D4959617FF6EDF001E64B1 /* Release */,
			);
			defaultConfigurationIsVisible = 0;
		};
/* End XCConfigurationList section */
	};
	rootObject = 84D4956917FF6EDE001E64B1 /* Project object */;
}
